
Microsoft Visual Studio Solution File, Format Version 12.00
# Visual Studio 15
VisualStudioVersion = 15.0.26206.0
MinimumVisualStudioVersion = 10.0.40219.1
Project("{FAE04EC0-301F-11D3-BF4B-00C04F79EFBC}") = "ReadAndLearnWithLinnea.ConsoleApp", "ReadAndLearnWithLinnea.ConsoleApp\ReadAndLearnWithLinnea.ConsoleApp.csproj", "{8E63C2BE-B114-4117-A92D-68CB5040ADD5}"
	ProjectSection(ProjectDependencies) = postProject
		{19DD405A-DD57-468E-A008-6F752D3BF237} = {19DD405A-DD57-468E-A008-6F752D3BF237}
	EndProjectSection
EndProject
Project("{FAE04EC0-301F-11D3-BF4B-00C04F79EFBC}") = "ReadAndLearnWithLinnea.WpfApp", "ReadAndLearnWithLinnea.WpfApp\ReadAndLearnWithLinnea.WpfApp.csproj", "{3A440ECC-286B-41AD-B0FA-5C6959216570}"
EndProject
Project("{D954291E-2A0B-460D-934E-DC6B0785DB48}") = "ReadAndLearnWithLinnea.Shared", "ReadAndLearnWithLinnea.Shared\ReadAndLearnWithLinnea.Shared.shproj", "{C5DAF66F-985E-42C3-A98A-118953159D81}"
EndProject
Project("{FAE04EC0-301F-11D3-BF4B-00C04F79EFBC}") = "ReadAndLearnWithLinnea.Shared.Android", "ReadAndLearnWithLinnea.Shared.Android\ReadAndLearnWithLinnea.Shared.Android.csproj", "{9F5BEB7A-2E5A-48C5-8F6B-2EBF751F537D}"
EndProject
Project("{FAE04EC0-301F-11D3-BF4B-00C04F79EFBC}") = "ReadAndLearnWithLinnea.Shared.iOS", "ReadAndLearnWithLinnea.Shared.iOS\ReadAndLearnWithLinnea.Shared.iOS.csproj", "{8EB1B9C5-D785-4A94-AF60-C44EFB8928F1}"
EndProject
Project("{FAE04EC0-301F-11D3-BF4B-00C04F79EFBC}") = "ReadAndLearnWithLinnea.Core", "ReadAndLearnWithLinnea.Shared\Core\ReadAndLearnWithLinnea.Core.csproj", "{25D7BEEC-9A42-4379-9892-2FF091E2B789}"
EndProject
Project("{FAE04EC0-301F-11D3-BF4B-00C04F79EFBC}") = "ReadAndLearnWithLinnea.Bootstrapper", "ReadAndLearnWithLinnea.Shared\Bootstrapper\ReadAndLearnWithLinnea.Bootstrapper.csproj", "{19DD405A-DD57-468E-A008-6F752D3BF237}"
EndProject
Global
	GlobalSection(SharedMSBuildProjectFiles) = preSolution
		ReadAndLearnWithLinnea.Shared\ReadAndLearnWithLinnea.Shared.projitems*{8eb1b9c5-d785-4a94-af60-c44efb8928f1}*SharedItemsImports = 4
		ReadAndLearnWithLinnea.Shared\ReadAndLearnWithLinnea.Shared.projitems*{9f5beb7a-2e5a-48c5-8f6b-2ebf751f537d}*SharedItemsImports = 4
		ReadAndLearnWithLinnea.Shared\ReadAndLearnWithLinnea.Shared.projitems*{c5daf66f-985e-42c3-a98a-118953159d81}*SharedItemsImports = 13
	EndGlobalSection
	GlobalSection(SolutionConfigurationPlatforms) = preSolution
		Ad-Hoc|Any CPU = Ad-Hoc|Any CPU
		Ad-Hoc|iPhone = Ad-Hoc|iPhone
		Ad-Hoc|iPhoneSimulator = Ad-Hoc|iPhoneSimulator
		AppStore|Any CPU = AppStore|Any CPU
		AppStore|iPhone = AppStore|iPhone
		AppStore|iPhoneSimulator = AppStore|iPhoneSimulator
		Debug|Any CPU = Debug|Any CPU
		Debug|iPhone = Debug|iPhone
		Debug|iPhoneSimulator = Debug|iPhoneSimulator
		Release|Any CPU = Release|Any CPU
		Release|iPhone = Release|iPhone
		Release|iPhoneSimulator = Release|iPhoneSimulator
	EndGlobalSection
	GlobalSection(ProjectConfigurationPlatforms) = postSolution
		{8E63C2BE-B114-4117-A92D-68CB5040ADD5}.Ad-Hoc|Any CPU.ActiveCfg = Release|Any CPU
		{8E63C2BE-B114-4117-A92D-68CB5040ADD5}.Ad-Hoc|Any CPU.Build.0 = Release|Any CPU
		{8E63C2BE-B114-4117-A92D-68CB5040ADD5}.Ad-Hoc|iPhone.ActiveCfg = Release|Any CPU
		{8E63C2BE-B114-4117-A92D-68CB5040ADD5}.Ad-Hoc|iPhone.Build.0 = Release|Any CPU
		{8E63C2BE-B114-4117-A92D-68CB5040ADD5}.Ad-Hoc|iPhoneSimulator.ActiveCfg = Release|Any CPU
		{8E63C2BE-B114-4117-A92D-68CB5040ADD5}.Ad-Hoc|iPhoneSimulator.Build.0 = Release|Any CPU
		{8E63C2BE-B114-4117-A92D-68CB5040ADD5}.AppStore|Any CPU.ActiveCfg = Release|Any CPU
		{8E63C2BE-B114-4117-A92D-68CB5040ADD5}.AppStore|Any CPU.Build.0 = Release|Any CPU
		{8E63C2BE-B114-4117-A92D-68CB5040ADD5}.AppStore|iPhone.ActiveCfg = Release|Any CPU
		{8E63C2BE-B114-4117-A92D-68CB5040ADD5}.AppStore|iPhone.Build.0 = Release|Any CPU
		{8E63C2BE-B114-4117-A92D-68CB5040ADD5}.AppStore|iPhoneSimulator.ActiveCfg = Release|Any CPU
		{8E63C2BE-B114-4117-A92D-68CB5040ADD5}.AppStore|iPhoneSimulator.Build.0 = Release|Any CPU
		{8E63C2BE-B114-4117-A92D-68CB5040ADD5}.Debug|Any CPU.ActiveCfg = Debug|Any CPU
		{8E63C2BE-B114-4117-A92D-68CB5040ADD5}.Debug|Any CPU.Build.0 = Debug|Any CPU
		{8E63C2BE-B114-4117-A92D-68CB5040ADD5}.Debug|iPhone.ActiveCfg = Debug|Any CPU
		{8E63C2BE-B114-4117-A92D-68CB5040ADD5}.Debug|iPhone.Build.0 = Debug|Any CPU
		{8E63C2BE-B114-4117-A92D-68CB5040ADD5}.Debug|iPhoneSimulator.ActiveCfg = Debug|Any CPU
		{8E63C2BE-B114-4117-A92D-68CB5040ADD5}.Debug|iPhoneSimulator.Build.0 = Debug|Any CPU
		{8E63C2BE-B114-4117-A92D-68CB5040ADD5}.Release|Any CPU.ActiveCfg = Release|Any CPU
		{8E63C2BE-B114-4117-A92D-68CB5040ADD5}.Release|Any CPU.Build.0 = Release|Any CPU
		{8E63C2BE-B114-4117-A92D-68CB5040ADD5}.Release|iPhone.ActiveCfg = Release|Any CPU
		{8E63C2BE-B114-4117-A92D-68CB5040ADD5}.Release|iPhone.Build.0 = Release|Any CPU
		{8E63C2BE-B114-4117-A92D-68CB5040ADD5}.Release|iPhoneSimulator.ActiveCfg = Release|Any CPU
		{8E63C2BE-B114-4117-A92D-68CB5040ADD5}.Release|iPhoneSimulator.Build.0 = Release|Any CPU
		{3A440ECC-286B-41AD-B0FA-5C6959216570}.Ad-Hoc|Any CPU.ActiveCfg = Release|Any CPU
		{3A440ECC-286B-41AD-B0FA-5C6959216570}.Ad-Hoc|Any CPU.Build.0 = Release|Any CPU
		{3A440ECC-286B-41AD-B0FA-5C6959216570}.Ad-Hoc|iPhone.ActiveCfg = Release|Any CPU
		{3A440ECC-286B-41AD-B0FA-5C6959216570}.Ad-Hoc|iPhone.Build.0 = Release|Any CPU
		{3A440ECC-286B-41AD-B0FA-5C6959216570}.Ad-Hoc|iPhoneSimulator.ActiveCfg = Release|Any CPU
		{3A440ECC-286B-41AD-B0FA-5C6959216570}.Ad-Hoc|iPhoneSimulator.Build.0 = Release|Any CPU
		{3A440ECC-286B-41AD-B0FA-5C6959216570}.AppStore|Any CPU.ActiveCfg = Release|Any CPU
		{3A440ECC-286B-41AD-B0FA-5C6959216570}.AppStore|Any CPU.Build.0 = Release|Any CPU
		{3A440ECC-286B-41AD-B0FA-5C6959216570}.AppStore|iPhone.ActiveCfg = Release|Any CPU
		{3A440ECC-286B-41AD-B0FA-5C6959216570}.AppStore|iPhone.Build.0 = Release|Any CPU
		{3A440ECC-286B-41AD-B0FA-5C6959216570}.AppStore|iPhoneSimulator.ActiveCfg = Release|Any CPU
		{3A440ECC-286B-41AD-B0FA-5C6959216570}.AppStore|iPhoneSimulator.Build.0 = Release|Any CPU
		{3A440ECC-286B-41AD-B0FA-5C6959216570}.Debug|Any CPU.ActiveCfg = Debug|Any CPU
		{3A440ECC-286B-41AD-B0FA-5C6959216570}.Debug|Any CPU.Build.0 = Debug|Any CPU
		{3A440ECC-286B-41AD-B0FA-5C6959216570}.Debug|iPhone.ActiveCfg = Debug|Any CPU
		{3A440ECC-286B-41AD-B0FA-5C6959216570}.Debug|iPhone.Build.0 = Debug|Any CPU
		{3A440ECC-286B-41AD-B0FA-5C6959216570}.Debug|iPhoneSimulator.ActiveCfg = Debug|Any CPU
		{3A440ECC-286B-41AD-B0FA-5C6959216570}.Debug|iPhoneSimulator.Build.0 = Debug|Any CPU
		{3A440ECC-286B-41AD-B0FA-5C6959216570}.Release|Any CPU.ActiveCfg = Release|Any CPU
		{3A440ECC-286B-41AD-B0FA-5C6959216570}.Release|Any CPU.Build.0 = Release|Any CPU
		{3A440ECC-286B-41AD-B0FA-5C6959216570}.Release|iPhone.ActiveCfg = Release|Any CPU
		{3A440ECC-286B-41AD-B0FA-5C6959216570}.Release|iPhone.Build.0 = Release|Any CPU
		{3A440ECC-286B-41AD-B0FA-5C6959216570}.Release|iPhoneSimulator.ActiveCfg = Release|Any CPU
		{3A440ECC-286B-41AD-B0FA-5C6959216570}.Release|iPhoneSimulator.Build.0 = Release|Any CPU
		{9F5BEB7A-2E5A-48C5-8F6B-2EBF751F537D}.Ad-Hoc|Any CPU.ActiveCfg = Release|Any CPU
		{9F5BEB7A-2E5A-48C5-8F6B-2EBF751F537D}.Ad-Hoc|Any CPU.Build.0 = Release|Any CPU
		{9F5BEB7A-2E5A-48C5-8F6B-2EBF751F537D}.Ad-Hoc|Any CPU.Deploy.0 = Release|Any CPU
		{9F5BEB7A-2E5A-48C5-8F6B-2EBF751F537D}.Ad-Hoc|iPhone.ActiveCfg = Release|Any CPU
		{9F5BEB7A-2E5A-48C5-8F6B-2EBF751F537D}.Ad-Hoc|iPhone.Build.0 = Release|Any CPU
		{9F5BEB7A-2E5A-48C5-8F6B-2EBF751F537D}.Ad-Hoc|iPhone.Deploy.0 = Release|Any CPU
		{9F5BEB7A-2E5A-48C5-8F6B-2EBF751F537D}.Ad-Hoc|iPhoneSimulator.ActiveCfg = Release|Any CPU
		{9F5BEB7A-2E5A-48C5-8F6B-2EBF751F537D}.Ad-Hoc|iPhoneSimulator.Build.0 = Release|Any CPU
		{9F5BEB7A-2E5A-48C5-8F6B-2EBF751F537D}.Ad-Hoc|iPhoneSimulator.Deploy.0 = Release|Any CPU
		{9F5BEB7A-2E5A-48C5-8F6B-2EBF751F537D}.AppStore|Any CPU.ActiveCfg = Release|Any CPU
		{9F5BEB7A-2E5A-48C5-8F6B-2EBF751F537D}.AppStore|Any CPU.Build.0 = Release|Any CPU
		{9F5BEB7A-2E5A-48C5-8F6B-2EBF751F537D}.AppStore|Any CPU.Deploy.0 = Release|Any CPU
		{9F5BEB7A-2E5A-48C5-8F6B-2EBF751F537D}.AppStore|iPhone.ActiveCfg = Release|Any CPU
		{9F5BEB7A-2E5A-48C5-8F6B-2EBF751F537D}.AppStore|iPhone.Build.0 = Release|Any CPU
		{9F5BEB7A-2E5A-48C5-8F6B-2EBF751F537D}.AppStore|iPhone.Deploy.0 = Release|Any CPU
		{9F5BEB7A-2E5A-48C5-8F6B-2EBF751F537D}.AppStore|iPhoneSimulator.ActiveCfg = Release|Any CPU
		{9F5BEB7A-2E5A-48C5-8F6B-2EBF751F537D}.AppStore|iPhoneSimulator.Build.0 = Release|Any CPU
		{9F5BEB7A-2E5A-48C5-8F6B-2EBF751F537D}.AppStore|iPhoneSimulator.Deploy.0 = Release|Any CPU
		{9F5BEB7A-2E5A-48C5-8F6B-2EBF751F537D}.Debug|Any CPU.ActiveCfg = Debug|Any CPU
		{9F5BEB7A-2E5A-48C5-8F6B-2EBF751F537D}.Debug|Any CPU.Build.0 = Debug|Any CPU
		{9F5BEB7A-2E5A-48C5-8F6B-2EBF751F537D}.Debug|Any CPU.Deploy.0 = Debug|Any CPU
		{9F5BEB7A-2E5A-48C5-8F6B-2EBF751F537D}.Debug|iPhone.ActiveCfg = Debug|Any CPU
		{9F5BEB7A-2E5A-48C5-8F6B-2EBF751F537D}.Debug|iPhone.Build.0 = Debug|Any CPU
		{9F5BEB7A-2E5A-48C5-8F6B-2EBF751F537D}.Debug|iPhone.Deploy.0 = Debug|Any CPU
		{9F5BEB7A-2E5A-48C5-8F6B-2EBF751F537D}.Debug|iPhoneSimulator.ActiveCfg = Debug|Any CPU
		{9F5BEB7A-2E5A-48C5-8F6B-2EBF751F537D}.Debug|iPhoneSimulator.Build.0 = Debug|Any CPU
		{9F5BEB7A-2E5A-48C5-8F6B-2EBF751F537D}.Debug|iPhoneSimulator.Deploy.0 = Debug|Any CPU
		{9F5BEB7A-2E5A-48C5-8F6B-2EBF751F537D}.Release|Any CPU.ActiveCfg = Release|Any CPU
		{9F5BEB7A-2E5A-48C5-8F6B-2EBF751F537D}.Release|Any CPU.Build.0 = Release|Any CPU
		{9F5BEB7A-2E5A-48C5-8F6B-2EBF751F537D}.Release|Any CPU.Deploy.0 = Release|Any CPU
		{9F5BEB7A-2E5A-48C5-8F6B-2EBF751F537D}.Release|iPhone.ActiveCfg = Release|Any CPU
		{9F5BEB7A-2E5A-48C5-8F6B-2EBF751F537D}.Release|iPhone.Build.0 = Release|Any CPU
		{9F5BEB7A-2E5A-48C5-8F6B-2EBF751F537D}.Release|iPhone.Deploy.0 = Release|Any CPU
		{9F5BEB7A-2E5A-48C5-8F6B-2EBF751F537D}.Release|iPhoneSimulator.ActiveCfg = Release|Any CPU
		{9F5BEB7A-2E5A-48C5-8F6B-2EBF751F537D}.Release|iPhoneSimulator.Build.0 = Release|Any CPU
		{9F5BEB7A-2E5A-48C5-8F6B-2EBF751F537D}.Release|iPhoneSimulator.Deploy.0 = Release|Any CPU
		{8EB1B9C5-D785-4A94-AF60-C44EFB8928F1}.Ad-Hoc|Any CPU.ActiveCfg = Ad-Hoc|iPhone
		{8EB1B9C5-D785-4A94-AF60-C44EFB8928F1}.Ad-Hoc|iPhone.ActiveCfg = Ad-Hoc|iPhone
		{8EB1B9C5-D785-4A94-AF60-C44EFB8928F1}.Ad-Hoc|iPhone.Build.0 = Ad-Hoc|iPhone
		{8EB1B9C5-D785-4A94-AF60-C44EFB8928F1}.Ad-Hoc|iPhoneSimulator.ActiveCfg = Ad-Hoc|iPhoneSimulator
		{8EB1B9C5-D785-4A94-AF60-C44EFB8928F1}.Ad-Hoc|iPhoneSimulator.Build.0 = Ad-Hoc|iPhoneSimulator
		{8EB1B9C5-D785-4A94-AF60-C44EFB8928F1}.AppStore|Any CPU.ActiveCfg = AppStore|iPhone
		{8EB1B9C5-D785-4A94-AF60-C44EFB8928F1}.AppStore|iPhone.ActiveCfg = AppStore|iPhone
		{8EB1B9C5-D785-4A94-AF60-C44EFB8928F1}.AppStore|iPhone.Build.0 = AppStore|iPhone
		{8EB1B9C5-D785-4A94-AF60-C44EFB8928F1}.AppStore|iPhoneSimulator.ActiveCfg = AppStore|iPhoneSimulator
		{8EB1B9C5-D785-4A94-AF60-C44EFB8928F1}.AppStore|iPhoneSimulator.Build.0 = AppStore|iPhoneSimulator
		{8EB1B9C5-D785-4A94-AF60-C44EFB8928F1}.Debug|Any CPU.ActiveCfg = Debug|iPhone
		{8EB1B9C5-D785-4A94-AF60-C44EFB8928F1}.Debug|iPhone.ActiveCfg = Debug|iPhone
		{8EB1B9C5-D785-4A94-AF60-C44EFB8928F1}.Debug|iPhone.Build.0 = Debug|iPhone
		{8EB1B9C5-D785-4A94-AF60-C44EFB8928F1}.Debug|iPhoneSimulator.ActiveCfg = Debug|iPhoneSimulator
		{8EB1B9C5-D785-4A94-AF60-C44EFB8928F1}.Debug|iPhoneSimulator.Build.0 = Debug|iPhoneSimulator
		{8EB1B9C5-D785-4A94-AF60-C44EFB8928F1}.Release|Any CPU.ActiveCfg = Release|iPhone
		{8EB1B9C5-D785-4A94-AF60-C44EFB8928F1}.Release|iPhone.ActiveCfg = Release|iPhone
		{8EB1B9C5-D785-4A94-AF60-C44EFB8928F1}.Release|iPhone.Build.0 = Release|iPhone
		{8EB1B9C5-D785-4A94-AF60-C44EFB8928F1}.Release|iPhoneSimulator.ActiveCfg = Release|iPhoneSimulator
		{8EB1B9C5-D785-4A94-AF60-C44EFB8928F1}.Release|iPhoneSimulator.Build.0 = Release|iPhoneSimulator
		{25D7BEEC-9A42-4379-9892-2FF091E2B789}.Ad-Hoc|Any CPU.ActiveCfg = Release|Any CPU
		{25D7BEEC-9A42-4379-9892-2FF091E2B789}.Ad-Hoc|Any CPU.Build.0 = Release|Any CPU
		{25D7BEEC-9A42-4379-9892-2FF091E2B789}.Ad-Hoc|iPhone.ActiveCfg = Release|Any CPU
		{25D7BEEC-9A42-4379-9892-2FF091E2B789}.Ad-Hoc|iPhone.Build.0 = Release|Any CPU
		{25D7BEEC-9A42-4379-9892-2FF091E2B789}.Ad-Hoc|iPhoneSimulator.ActiveCfg = Release|Any CPU
		{25D7BEEC-9A42-4379-9892-2FF091E2B789}.Ad-Hoc|iPhoneSimulator.Build.0 = Release|Any CPU
		{25D7BEEC-9A42-4379-9892-2FF091E2B789}.AppStore|Any CPU.ActiveCfg = Release|Any CPU
		{25D7BEEC-9A42-4379-9892-2FF091E2B789}.AppStore|Any CPU.Build.0 = Release|Any CPU
		{25D7BEEC-9A42-4379-9892-2FF091E2B789}.AppStore|iPhone.ActiveCfg = Release|Any CPU
		{25D7BEEC-9A42-4379-9892-2FF091E2B789}.AppStore|iPhone.Build.0 = Release|Any CPU
		{25D7BEEC-9A42-4379-9892-2FF091E2B789}.AppStore|iPhoneSimulator.ActiveCfg = Release|Any CPU
		{25D7BEEC-9A42-4379-9892-2FF091E2B789}.AppStore|iPhoneSimulator.Build.0 = Release|Any CPU
		{25D7BEEC-9A42-4379-9892-2FF091E2B789}.Debug|Any CPU.ActiveCfg = Debug|Any CPU
		{25D7BEEC-9A42-4379-9892-2FF091E2B789}.Debug|Any CPU.Build.0 = Debug|Any CPU
		{25D7BEEC-9A42-4379-9892-2FF091E2B789}.Debug|iPhone.ActiveCfg = Debug|Any CPU
		{25D7BEEC-9A42-4379-9892-2FF091E2B789}.Debug|iPhone.Build.0 = Debug|Any CPU
		{25D7BEEC-9A42-4379-9892-2FF091E2B789}.Debug|iPhoneSimulator.ActiveCfg = Debug|Any CPU
		{25D7BEEC-9A42-4379-9892-2FF091E2B789}.Debug|iPhoneSimulator.Build.0 = Debug|Any CPU
		{25D7BEEC-9A42-4379-9892-2FF091E2B789}.Release|Any CPU.ActiveCfg = Release|Any CPU
		{25D7BEEC-9A42-4379-9892-2FF091E2B789}.Release|Any CPU.Build.0 = Release|Any CPU
		{25D7BEEC-9A42-4379-9892-2FF091E2B789}.Release|iPhone.ActiveCfg = Release|Any CPU
		{25D7BEEC-9A42-4379-9892-2FF091E2B789}.Release|iPhone.Build.0 = Release|Any CPU
		{25D7BEEC-9A42-4379-9892-2FF091E2B789}.Release|iPhoneSimulator.ActiveCfg = Release|Any CPU
		{25D7BEEC-9A42-4379-9892-2FF091E2B789}.Release|iPhoneSimulator.Build.0 = Release|Any CPU
		{19DD405A-DD57-468E-A008-6F752D3BF237}.Ad-Hoc|Any CPU.ActiveCfg = Release|Any CPU
		{19DD405A-DD57-468E-A008-6F752D3BF237}.Ad-Hoc|Any CPU.Build.0 = Release|Any CPU
		{19DD405A-DD57-468E-A008-6F752D3BF237}.Ad-Hoc|iPhone.ActiveCfg = Release|Any CPU
		{19DD405A-DD57-468E-A008-6F752D3BF237}.Ad-Hoc|iPhone.Build.0 = Release|Any CPU
		{19DD405A-DD57-468E-A008-6F752D3BF237}.Ad-Hoc|iPhoneSimulator.ActiveCfg = Release|Any CPU
		{19DD405A-DD57-468E-A008-6F752D3BF237}.Ad-Hoc|iPhoneSimulator.Build.0 = Release|Any CPU
		{19DD405A-DD57-468E-A008-6F752D3BF237}.AppStore|Any CPU.ActiveCfg = Release|Any CPU
		{19DD405A-DD57-468E-A008-6F752D3BF237}.AppStore|Any CPU.Build.0 = Release|Any CPU
		{19DD405A-DD57-468E-A008-6F752D3BF237}.AppStore|iPhone.ActiveCfg = Release|Any CPU
		{19DD405A-DD57-468E-A008-6F752D3BF237}.AppStore|iPhone.Build.0 = Release|Any CPU
		{19DD405A-DD57-468E-A008-6F752D3BF237}.AppStore|iPhoneSimulator.ActiveCfg = Release|Any CPU
		{19DD405A-DD57-468E-A008-6F752D3BF237}.AppStore|iPhoneSimulator.Build.0 = Release|Any CPU
		{19DD405A-DD57-468E-A008-6F752D3BF237}.Debug|Any CPU.ActiveCfg = Debug|Any CPU
		{19DD405A-DD57-468E-A008-6F752D3BF237}.Debug|Any CPU.Build.0 = Debug|Any CPU
		{19DD405A-DD57-468E-A008-6F752D3BF237}.Debug|iPhone.ActiveCfg = Debug|Any CPU
		{19DD405A-DD57-468E-A008-6F752D3BF237}.Debug|iPhone.Build.0 = Debug|Any CPU
		{19DD405A-DD57-468E-A008-6F752D3BF237}.Debug|iPhoneSimulator.ActiveCfg = Debug|Any CPU
		{19DD405A-DD57-468E-A008-6F752D3BF237}.Debug|iPhoneSimulator.Build.0 = Debug|Any CPU
		{19DD405A-DD57-468E-A008-6F752D3BF237}.Release|Any CPU.ActiveCfg = Release|Any CPU
		{19DD405A-DD57-468E-A008-6F752D3BF237}.Release|Any CPU.Build.0 = Release|Any CPU
		{19DD405A-DD57-468E-A008-6F752D3BF237}.Release|iPhone.ActiveCfg = Release|Any CPU
		{19DD405A-DD57-468E-A008-6F752D3BF237}.Release|iPhone.Build.0 = Release|Any CPU
		{19DD405A-DD57-468E-A008-6F752D3BF237}.Release|iPhoneSimulator.ActiveCfg = Release|Any CPU
		{19DD405A-DD57-468E-A008-6F752D3BF237}.Release|iPhoneSimulator.Build.0 = Release|Any CPU
	EndGlobalSection
	GlobalSection(SolutionProperties) = preSolution
		HideSolutionNode = FALSE
	EndGlobalSection
EndGlobal
