
Microsoft Visual Studio Solution File, Format Version 12.00
# Visual Studio 2013
VisualStudioVersion = 12.0.31101.0
MinimumVisualStudioVersion = 10.0.40219.1
Project("{FAE04EC0-301F-11D3-BF4B-00C04F79EFBC}") = "ReadAndLearnWithLinnea", "ReadAndLearnWithLinnea\ReadAndLearnWithLinnea.csproj", "{3A440ECC-286B-41AD-B0FA-5C6959216570}"
EndProject
Global
	GlobalSection(SolutionConfigurationPlatforms) = preSolution
		Debug|Any CPU = Debug|Any CPU
		Release|Any CPU = Release|Any CPU
	EndGlobalSection
	GlobalSection(ProjectConfigurationPlatforms) = postSolution
		{3A440ECC-286B-41AD-B0FA-5C6959216570}.Debug|Any CPU.ActiveCfg = Debug|Any CPU
		{3A440ECC-286B-41AD-B0FA-5C6959216570}.Debug|Any CPU.Build.0 = Debug|Any CPU
		{3A440ECC-286B-41AD-B0FA-5C6959216570}.Release|Any CPU.ActiveCfg = Release|Any CPU
		{3A440ECC-286B-41AD-B0FA-5C6959216570}.Release|Any CPU.Build.0 = Release|Any CPU
	EndGlobalSection
	GlobalSection(SolutionProperties) = preSolution
		HideSolutionNode = FALSE
	EndGlobalSection
EndGlobal
